
Microsoft Visual Studio Solution File, Format Version 12.00
# Visual Studio Version 18
VisualStudioVersion = 18.0.11205.157 d18.0
MinimumVisualStudioVersion = 10.0.40219.1
Project("{FAE04EC0-301F-11D3-BF4B-00C04F79EFBC}") = "Server.Console", "Server.Console\Server.Console.csproj", "{87F03703-261B-1BDD-BE4D-08B590CFC533}"
EndProject
Project("{FAE04EC0-301F-11D3-BF4B-00C04F79EFBC}") = "Api.Shared", "..\00 - API\Api.Shared\Api.Shared.csproj", "{8C1C8F4C-EC90-588A-4E39-5E64333854CF}"
EndProject
Global
	GlobalSection(SolutionConfigurationPlatforms) = preSolution
		Debug|Any CPU = Debug|Any CPU
		Release|Any CPU = Release|Any CPU
	EndGlobalSection
	GlobalSection(ProjectConfigurationPlatforms) = postSolution
		{87F03703-261B-1BDD-BE4D-08B590CFC533}.Debug|Any CPU.ActiveCfg = Debug|Any CPU
		{87F03703-261B-1BDD-BE4D-08B590CFC533}.Debug|Any CPU.Build.0 = Debug|Any CPU
		{87F03703-261B-1BDD-BE4D-08B590CFC533}.Release|Any CPU.ActiveCfg = Release|Any CPU
		{87F03703-261B-1BDD-BE4D-08B590CFC533}.Release|Any CPU.Build.0 = Release|Any CPU
		{8C1C8F4C-EC90-588A-4E39-5E64333854CF}.Debug|Any CPU.ActiveCfg = Debug|Any CPU
		{8C1C8F4C-EC90-588A-4E39-5E64333854CF}.Debug|Any CPU.Build.0 = Debug|Any CPU
		{8C1C8F4C-EC90-588A-4E39-5E64333854CF}.Release|Any CPU.ActiveCfg = Release|Any CPU
		{8C1C8F4C-EC90-588A-4E39-5E64333854CF}.Release|Any CPU.Build.0 = Release|Any CPU
	EndGlobalSection
	GlobalSection(SolutionProperties) = preSolution
		HideSolutionNode = FALSE
	EndGlobalSection
	GlobalSection(ExtensibilityGlobals) = postSolution
		SolutionGuid = {9F5D55C5-9B32-42AC-8FBE-4F266E5EF166}
	EndGlobalSection
EndGlobal
